Microsoft Visual Studio Solution File, Format Version 12.00
# Visual Studio Version 17
VisualStudioVersion = 17.5.2.0
MinimumVisualStudioVersion = 10.0.40219.1
Project("{FAE04EC0-301F-11D3-BF4B-00C04F79EFBC}") = "sdr-app", "sdr-app.csproj", "{60D471D5-EC5C-DCB3-7227-C7F5D98D74CF}"
EndProject
Global
	GlobalSection(SolutionConfigurationPlatforms) = preSolution
		Debug|Any CPU = Debug|Any CPU
		Release|Any CPU = Release|Any CPU
	EndGlobalSection
	GlobalSection(ProjectConfigurationPlatforms) = postSolution
		{60D471D5-EC5C-DCB3-7227-C7F5D98D74CF}.Debug|Any CPU.ActiveCfg = Debug|Any CPU
		{60D471D5-EC5C-DCB3-7227-C7F5D98D74CF}.Debug|Any CPU.Build.0 = Debug|Any CPU
		{60D471D5-EC5C-DCB3-7227-C7F5D98D74CF}.Release|Any CPU.ActiveCfg = Release|Any CPU
		{60D471D5-EC5C-DCB3-7227-C7F5D98D74CF}.Release|Any CPU.Build.0 = Release|Any CPU
	EndGlobalSection
	GlobalSection(SolutionProperties) = preSolution
		HideSolutionNode = FALSE
	EndGlobalSection
	GlobalSection(ExtensibilityGlobals) = postSolution
		SolutionGuid = {E6291C1A-8303-44CE-B8C4-F58D04DC1770}
	EndGlobalSection
EndGlobal
